
Microsoft Visual Studio Solution File, Format Version 12.00
# Visual Studio Version 17
VisualStudioVersion = 17.4.33213.308
MinimumVisualStudioVersion = 10.0.40219.1
Project("{9A19103F-16F7-4668-BE54-9A1E7A4F7556}") = "Forge.OpenAI", "Forge.OpenAI\Forge.OpenAI.csproj", "{D1DDE02E-1865-4173-8F3C-153D99AB394F}"
EndProject
Project("{2150E333-8FDC-42A3-9474-1A3956D46DE8}") = "Playgrounds", "Playgrounds", "{7B047CA9-973E-4C16-8985-2708C61E8C7D}"
EndProject
Project("{9A19103F-16F7-4668-BE54-9A1E7A4F7556}") = "Models", "Playgrounds\Models\Models.csproj", "{0D3BA87E-767B-439E-8F71-4445E3475F36}"
EndProject
Project("{9A19103F-16F7-4668-BE54-9A1E7A4F7556}") = "Moderation", "Playgrounds\Moderation\Moderation.csproj", "{2D2CF14D-21CF-43A6-91ED-1C20EAF4755B}"
EndProject
Project("{9A19103F-16F7-4668-BE54-9A1E7A4F7556}") = "Embeddings", "Playgrounds\Embeddings\Embeddings.csproj", "{FC8918CE-73AA-4CA2-BC84-ED0ED72CE4BF}"
EndProject
Project("{9A19103F-16F7-4668-BE54-9A1E7A4F7556}") = "Images.Create", "Playgrounds\Images.Create\Images.Create.csproj", "{4366D476-11D2-4995-949E-6CA289E21800}"
EndProject
Project("{9A19103F-16F7-4668-BE54-9A1E7A4F7556}") = "Images.Edit", "Playgrounds\Images.Edit\Images.Edit.csproj", "{93ED19B0-7B44-4F60-82F6-A4F38B766F88}"
EndProject
Project("{9A19103F-16F7-4668-BE54-9A1E7A4F7556}") = "Images.Variations", "Playgrounds\Images.Variations\Images.Variations.csproj", "{1F91DCB3-1E09-4B28-A78B-50534B49B7FB}"
EndProject
Project("{9A19103F-16F7-4668-BE54-9A1E7A4F7556}") = "Files", "Playgrounds\Files\Files.csproj", "{84DE0D16-564D-4ED3-89F1-70231F35A546}"
EndProject
Project("{9A19103F-16F7-4668-BE54-9A1E7A4F7556}") = "MultipleApiKeyUsage", "Playgrounds\MultipleApiKeyUsage\MultipleApiKeyUsage.csproj", "{9D07CDFF-A969-4FE4-BCCE-F12934E7A643}"
EndProject
Project("{9A19103F-16F7-4668-BE54-9A1E7A4F7556}") = "MultipleUsersWithSameApiKey", "Playgrounds\MultipleUsersWithSameApiKey\MultipleUsersWithSameApiKey.csproj", "{94F42233-96F8-4DEF-B434-5E6CCF63E99B}"
EndProject
Project("{9A19103F-16F7-4668-BE54-9A1E7A4F7556}") = "Transcription", "Playgrounds\Transcription\Transcription.csproj", "{D43493EB-1A19-4929-B890-8C0F9D0D76A8}"
EndProject
Project("{9A19103F-16F7-4668-BE54-9A1E7A4F7556}") = "Translation", "Playgrounds\Translation\Translation.csproj", "{B31D15EC-6444-4022-B723-EF0DEEEBF706}"
EndProject
Project("{2150E333-8FDC-42A3-9474-1A3956D46DE8}") = "Solution Items", "Solution Items", "{EBD7792A-89CD-4B12-81BE-24E505389A87}"
	ProjectSection(SolutionItems) = preProject
		.editorconfig = .editorconfig
	EndProjectSection
EndProject
Project("{9A19103F-16F7-4668-BE54-9A1E7A4F7556}") = "ChatCompletions", "Playgrounds\ChatCompletions\ChatCompletions.csproj", "{F6099192-2078-4FA9-B54D-7B809B64FE28}"
EndProject
Project("{9A19103F-16F7-4668-BE54-9A1E7A4F7556}") = "Azure-OpenAI_Setup_Example", "Playgrounds\Azure-OpenAI_Setup_Example\Azure-OpenAI_Setup_Example.csproj", "{F181D7A3-6152-407E-BF06-222A91313BFA}"
EndProject
Project("{2150E333-8FDC-42A3-9474-1A3956D46DE8}") = "Artwork", "Artwork", "{A0635B5B-2F45-422B-A067-96E52B3BA6A2}"
	ProjectSection(SolutionItems) = preProject
		Artwork\Csharp_Logo.png = Artwork\Csharp_Logo.png
		Artwork\logo.psd = Artwork\logo.psd
		Artwork\pic 1_39.png = Artwork\pic 1_39.png
	EndProjectSection
EndProject
Project("{9A19103F-16F7-4668-BE54-9A1E7A4F7556}") = "Speech", "Playgrounds\Speech\Speech.csproj", "{BD481391-C5DC-4AD7-975A-079F208131D7}"
EndProject
Project("{9A19103F-16F7-4668-BE54-9A1E7A4F7556}") = "FineTuningJob", "Playgrounds\FineTuningJob\FineTuningJob.csproj", "{7FEB6A6A-E98B-4A77-BE5F-C13E1A8184A4}"
EndProject
Project("{9A19103F-16F7-4668-BE54-9A1E7A4F7556}") = "Assistant", "Playgrounds\Assistant\Assistant.csproj", "{735BCF1A-6D65-48A8-A14D-1608AC6F756A}"
EndProject
Project("{9A19103F-16F7-4668-BE54-9A1E7A4F7556}") = "AssistantFile", "Playgrounds\AssistantFile\AssistantFile.csproj", "{564424C1-A38E-49EE-861A-FE38E4EED502}"
EndProject
Project("{9A19103F-16F7-4668-BE54-9A1E7A4F7556}") = "Threads", "Playgrounds\Threads\Threads.csproj", "{150E09C1-6B29-4FA5-BE92-62FE04639B74}"
EndProject
Project("{9A19103F-16F7-4668-BE54-9A1E7A4F7556}") = "Messages", "Playgrounds\Messages\Messages.csproj", "{E7EBE7FC-7AE1-4816-9DCF-F28765CC4BBD}"
EndProject
Project("{9A19103F-16F7-4668-BE54-9A1E7A4F7556}") = "Batch", "Playgrounds\Batch\Batch.csproj", "{D07B33B0-75F1-4E88-BD3D-89059AA9238F}"
EndProject
Project("{FAE04EC0-301F-11D3-BF4B-00C04F79EFBC}") = "Runs", "Playgrounds\Runs\Runs.csproj", "{850CD87D-2FDD-44B0-A5E7-4A1E56A93978}"
EndProject
Project("{FAE04EC0-301F-11D3-BF4B-00C04F79EFBC}") = "VectorStores", "Playgrounds\VectorStores\VectorStores.csproj", "{F795C55B-ABB9-4BE0-927E-3497093E003E}"
EndProject
Project("{FAE04EC0-301F-11D3-BF4B-00C04F79EFBC}") = "Forge.OpenAI.ErrorOr", "Forge.OpenAI.ErrorOr\Forge.OpenAI.ErrorOr.csproj", "{A1D8A233-344A-4611-91C5-8A62DEE7790D}"
EndProject
Project("{FAE04EC0-301F-11D3-BF4B-00C04F79EFBC}") = "ErrorOr.Concept", "Playgrounds\ErrorOr.Concept\ErrorOr.Concept.csproj", "{B157808E-9DE4-460C-A0B1-97279EF19072}"
EndProject
Global
	GlobalSection(SolutionConfigurationPlatforms) = preSolution
		Debug|Any CPU = Debug|Any CPU
		Release|Any CPU = Release|Any CPU
	EndGlobalSection
	GlobalSection(ProjectConfigurationPlatforms) = postSolution
		{D1DDE02E-1865-4173-8F3C-153D99AB394F}.Debug|Any CPU.ActiveCfg = Debug|Any CPU
		{D1DDE02E-1865-4173-8F3C-153D99AB394F}.Debug|Any CPU.Build.0 = Debug|Any CPU
		{D1DDE02E-1865-4173-8F3C-153D99AB394F}.Release|Any CPU.ActiveCfg = Release|Any CPU
		{D1DDE02E-1865-4173-8F3C-153D99AB394F}.Release|Any CPU.Build.0 = Release|Any CPU
		{0D3BA87E-767B-439E-8F71-4445E3475F36}.Debug|Any CPU.ActiveCfg = Debug|Any CPU
		{0D3BA87E-767B-439E-8F71-4445E3475F36}.Debug|Any CPU.Build.0 = Debug|Any CPU
		{0D3BA87E-767B-439E-8F71-4445E3475F36}.Release|Any CPU.ActiveCfg = Release|Any CPU
		{0D3BA87E-767B-439E-8F71-4445E3475F36}.Release|Any CPU.Build.0 = Release|Any CPU
		{2D2CF14D-21CF-43A6-91ED-1C20EAF4755B}.Debug|Any CPU.ActiveCfg = Debug|Any CPU
		{2D2CF14D-21CF-43A6-91ED-1C20EAF4755B}.Debug|Any CPU.Build.0 = Debug|Any CPU
		{2D2CF14D-21CF-43A6-91ED-1C20EAF4755B}.Release|Any CPU.ActiveCfg = Release|Any CPU
		{2D2CF14D-21CF-43A6-91ED-1C20EAF4755B}.Release|Any CPU.Build.0 = Release|Any CPU
		{FC8918CE-73AA-4CA2-BC84-ED0ED72CE4BF}.Debug|Any CPU.ActiveCfg = Debug|Any CPU
		{FC8918CE-73AA-4CA2-BC84-ED0ED72CE4BF}.Debug|Any CPU.Build.0 = Debug|Any CPU
		{FC8918CE-73AA-4CA2-BC84-ED0ED72CE4BF}.Release|Any CPU.ActiveCfg = Release|Any CPU
		{FC8918CE-73AA-4CA2-BC84-ED0ED72CE4BF}.Release|Any CPU.Build.0 = Release|Any CPU
		{4366D476-11D2-4995-949E-6CA289E21800}.Debug|Any CPU.ActiveCfg = Debug|Any CPU
		{4366D476-11D2-4995-949E-6CA289E21800}.Debug|Any CPU.Build.0 = Debug|Any CPU
		{4366D476-11D2-4995-949E-6CA289E21800}.Release|Any CPU.ActiveCfg = Release|Any CPU
		{4366D476-11D2-4995-949E-6CA289E21800}.Release|Any CPU.Build.0 = Release|Any CPU
		{93ED19B0-7B44-4F60-82F6-A4F38B766F88}.Debug|Any CPU.ActiveCfg = Debug|Any CPU
		{93ED19B0-7B44-4F60-82F6-A4F38B766F88}.Debug|Any CPU.Build.0 = Debug|Any CPU
		{93ED19B0-7B44-4F60-82F6-A4F38B766F88}.Release|Any CPU.ActiveCfg = Release|Any CPU
		{93ED19B0-7B44-4F60-82F6-A4F38B766F88}.Release|Any CPU.Build.0 = Release|Any CPU
		{1F91DCB3-1E09-4B28-A78B-50534B49B7FB}.Debug|Any CPU.ActiveCfg = Debug|Any CPU
		{1F91DCB3-1E09-4B28-A78B-50534B49B7FB}.Debug|Any CPU.Build.0 = Debug|Any CPU
		{1F91DCB3-1E09-4B28-A78B-50534B49B7FB}.Release|Any CPU.ActiveCfg = Release|Any CPU
		{1F91DCB3-1E09-4B28-A78B-50534B49B7FB}.Release|Any CPU.Build.0 = Release|Any CPU
		{84DE0D16-564D-4ED3-89F1-70231F35A546}.Debug|Any CPU.ActiveCfg = Debug|Any CPU
		{84DE0D16-564D-4ED3-89F1-70231F35A546}.Debug|Any CPU.Build.0 = Debug|Any CPU
		{84DE0D16-564D-4ED3-89F1-70231F35A546}.Release|Any CPU.ActiveCfg = Release|Any CPU
		{84DE0D16-564D-4ED3-89F1-70231F35A546}.Release|Any CPU.Build.0 = Release|Any CPU
		{9D07CDFF-A969-4FE4-BCCE-F12934E7A643}.Debug|Any CPU.ActiveCfg = Debug|Any CPU
		{9D07CDFF-A969-4FE4-BCCE-F12934E7A643}.Debug|Any CPU.Build.0 = Debug|Any CPU
		{9D07CDFF-A969-4FE4-BCCE-F12934E7A643}.Release|Any CPU.ActiveCfg = Release|Any CPU
		{9D07CDFF-A969-4FE4-BCCE-F12934E7A643}.Release|Any CPU.Build.0 = Release|Any CPU
		{94F42233-96F8-4DEF-B434-5E6CCF63E99B}.Debug|Any CPU.ActiveCfg = Debug|Any CPU
		{94F42233-96F8-4DEF-B434-5E6CCF63E99B}.Debug|Any CPU.Build.0 = Debug|Any CPU
		{94F42233-96F8-4DEF-B434-5E6CCF63E99B}.Release|Any CPU.ActiveCfg = Release|Any CPU
		{94F42233-96F8-4DEF-B434-5E6CCF63E99B}.Release|Any CPU.Build.0 = Release|Any CPU
		{D43493EB-1A19-4929-B890-8C0F9D0D76A8}.Debug|Any CPU.ActiveCfg = Debug|Any CPU
		{D43493EB-1A19-4929-B890-8C0F9D0D76A8}.Debug|Any CPU.Build.0 = Debug|Any CPU
		{D43493EB-1A19-4929-B890-8C0F9D0D76A8}.Release|Any CPU.ActiveCfg = Release|Any CPU
		{D43493EB-1A19-4929-B890-8C0F9D0D76A8}.Release|Any CPU.Build.0 = Release|Any CPU
		{B31D15EC-6444-4022-B723-EF0DEEEBF706}.Debug|Any CPU.ActiveCfg = Debug|Any CPU
		{B31D15EC-6444-4022-B723-EF0DEEEBF706}.Debug|Any CPU.Build.0 = Debug|Any CPU
		{B31D15EC-6444-4022-B723-EF0DEEEBF706}.Release|Any CPU.ActiveCfg = Release|Any CPU
		{B31D15EC-6444-4022-B723-EF0DEEEBF706}.Release|Any CPU.Build.0 = Release|Any CPU
		{F6099192-2078-4FA9-B54D-7B809B64FE28}.Debug|Any CPU.ActiveCfg = Debug|Any CPU
		{F6099192-2078-4FA9-B54D-7B809B64FE28}.Debug|Any CPU.Build.0 = Debug|Any CPU
		{F6099192-2078-4FA9-B54D-7B809B64FE28}.Release|Any CPU.ActiveCfg = Release|Any CPU
		{F6099192-2078-4FA9-B54D-7B809B64FE28}.Release|Any CPU.Build.0 = Release|Any CPU
		{F181D7A3-6152-407E-BF06-222A91313BFA}.Debug|Any CPU.ActiveCfg = Debug|Any CPU
		{F181D7A3-6152-407E-BF06-222A91313BFA}.Debug|Any CPU.Build.0 = Debug|Any CPU
		{F181D7A3-6152-407E-BF06-222A91313BFA}.Release|Any CPU.ActiveCfg = Release|Any CPU
		{F181D7A3-6152-407E-BF06-222A91313BFA}.Release|Any CPU.Build.0 = Release|Any CPU
		{BD481391-C5DC-4AD7-975A-079F208131D7}.Debug|Any CPU.ActiveCfg = Debug|Any CPU
		{BD481391-C5DC-4AD7-975A-079F208131D7}.Debug|Any CPU.Build.0 = Debug|Any CPU
		{BD481391-C5DC-4AD7-975A-079F208131D7}.Release|Any CPU.ActiveCfg = Release|Any CPU
		{BD481391-C5DC-4AD7-975A-079F208131D7}.Release|Any CPU.Build.0 = Release|Any CPU
		{7FEB6A6A-E98B-4A77-BE5F-C13E1A8184A4}.Debug|Any CPU.ActiveCfg = Debug|Any CPU
		{7FEB6A6A-E98B-4A77-BE5F-C13E1A8184A4}.Debug|Any CPU.Build.0 = Debug|Any CPU
		{7FEB6A6A-E98B-4A77-BE5F-C13E1A8184A4}.Release|Any CPU.ActiveCfg = Release|Any CPU
		{7FEB6A6A-E98B-4A77-BE5F-C13E1A8184A4}.Release|Any CPU.Build.0 = Release|Any CPU
		{735BCF1A-6D65-48A8-A14D-1608AC6F756A}.Debug|Any CPU.ActiveCfg = Debug|Any CPU
		{735BCF1A-6D65-48A8-A14D-1608AC6F756A}.Debug|Any CPU.Build.0 = Debug|Any CPU
		{735BCF1A-6D65-48A8-A14D-1608AC6F756A}.Release|Any CPU.ActiveCfg = Release|Any CPU
		{735BCF1A-6D65-48A8-A14D-1608AC6F756A}.Release|Any CPU.Build.0 = Release|Any CPU
		{564424C1-A38E-49EE-861A-FE38E4EED502}.Debug|Any CPU.ActiveCfg = Debug|Any CPU
		{564424C1-A38E-49EE-861A-FE38E4EED502}.Debug|Any CPU.Build.0 = Debug|Any CPU
		{564424C1-A38E-49EE-861A-FE38E4EED502}.Release|Any CPU.ActiveCfg = Release|Any CPU
		{564424C1-A38E-49EE-861A-FE38E4EED502}.Release|Any CPU.Build.0 = Release|Any CPU
		{150E09C1-6B29-4FA5-BE92-62FE04639B74}.Debug|Any CPU.ActiveCfg = Debug|Any CPU
		{150E09C1-6B29-4FA5-BE92-62FE04639B74}.Debug|Any CPU.Build.0 = Debug|Any CPU
		{150E09C1-6B29-4FA5-BE92-62FE04639B74}.Release|Any CPU.ActiveCfg = Release|Any CPU
		{150E09C1-6B29-4FA5-BE92-62FE04639B74}.Release|Any CPU.Build.0 = Release|Any CPU
		{E7EBE7FC-7AE1-4816-9DCF-F28765CC4BBD}.Debug|Any CPU.ActiveCfg = Debug|Any CPU
		{E7EBE7FC-7AE1-4816-9DCF-F28765CC4BBD}.Debug|Any CPU.Build.0 = Debug|Any CPU
		{E7EBE7FC-7AE1-4816-9DCF-F28765CC4BBD}.Release|Any CPU.ActiveCfg = Release|Any CPU
		{E7EBE7FC-7AE1-4816-9DCF-F28765CC4BBD}.Release|Any CPU.Build.0 = Release|Any CPU
		{D07B33B0-75F1-4E88-BD3D-89059AA9238F}.Debug|Any CPU.ActiveCfg = Debug|Any CPU
		{D07B33B0-75F1-4E88-BD3D-89059AA9238F}.Debug|Any CPU.Build.0 = Debug|Any CPU
		{D07B33B0-75F1-4E88-BD3D-89059AA9238F}.Release|Any CPU.ActiveCfg = Release|Any CPU
		{D07B33B0-75F1-4E88-BD3D-89059AA9238F}.Release|Any CPU.Build.0 = Release|Any CPU
		{850CD87D-2FDD-44B0-A5E7-4A1E56A93978}.Debug|Any CPU.ActiveCfg = Debug|Any CPU
		{850CD87D-2FDD-44B0-A5E7-4A1E56A93978}.Debug|Any CPU.Build.0 = Debug|Any CPU
		{850CD87D-2FDD-44B0-A5E7-4A1E56A93978}.Release|Any CPU.ActiveCfg = Release|Any CPU
		{850CD87D-2FDD-44B0-A5E7-4A1E56A93978}.Release|Any CPU.Build.0 = Release|Any CPU
		{F795C55B-ABB9-4BE0-927E-3497093E003E}.Debug|Any CPU.ActiveCfg = Debug|Any CPU
		{F795C55B-ABB9-4BE0-927E-3497093E003E}.Debug|Any CPU.Build.0 = Debug|Any CPU
		{F795C55B-ABB9-4BE0-927E-3497093E003E}.Release|Any CPU.ActiveCfg = Release|Any CPU
		{F795C55B-ABB9-4BE0-927E-3497093E003E}.Release|Any CPU.Build.0 = Release|Any CPU
		{A1D8A233-344A-4611-91C5-8A62DEE7790D}.Debug|Any CPU.ActiveCfg = Debug|Any CPU
		{A1D8A233-344A-4611-91C5-8A62DEE7790D}.Debug|Any CPU.Build.0 = Debug|Any CPU
		{A1D8A233-344A-4611-91C5-8A62DEE7790D}.Release|Any CPU.ActiveCfg = Release|Any CPU
		{A1D8A233-344A-4611-91C5-8A62DEE7790D}.Release|Any CPU.Build.0 = Release|Any CPU
		{B157808E-9DE4-460C-A0B1-97279EF19072}.Debug|Any CPU.ActiveCfg = Debug|Any CPU
		{B157808E-9DE4-460C-A0B1-97279EF19072}.Debug|Any CPU.Build.0 = Debug|Any CPU
		{B157808E-9DE4-460C-A0B1-97279EF19072}.Release|Any CPU.ActiveCfg = Release|Any CPU
		{B157808E-9DE4-460C-A0B1-97279EF19072}.Release|Any CPU.Build.0 = Release|Any CPU
	EndGlobalSection
	GlobalSection(SolutionProperties) = preSolution
		HideSolutionNode = FALSE
	EndGlobalSection
	GlobalSection(NestedProjects) = preSolution
		{0D3BA87E-767B-439E-8F71-4445E3475F36} = {7B047CA9-973E-4C16-8985-2708C61E8C7D}
		{2D2CF14D-21CF-43A6-91ED-1C20EAF4755B} = {7B047CA9-973E-4C16-8985-2708C61E8C7D}
		{FC8918CE-73AA-4CA2-BC84-ED0ED72CE4BF} = {7B047CA9-973E-4C16-8985-2708C61E8C7D}
		{4366D476-11D2-4995-949E-6CA289E21800} = {7B047CA9-973E-4C16-8985-2708C61E8C7D}
		{93ED19B0-7B44-4F60-82F6-A4F38B766F88} = {7B047CA9-973E-4C16-8985-2708C61E8C7D}
		{1F91DCB3-1E09-4B28-A78B-50534B49B7FB} = {7B047CA9-973E-4C16-8985-2708C61E8C7D}
		{84DE0D16-564D-4ED3-89F1-70231F35A546} = {7B047CA9-973E-4C16-8985-2708C61E8C7D}
		{9D07CDFF-A969-4FE4-BCCE-F12934E7A643} = {7B047CA9-973E-4C16-8985-2708C61E8C7D}
		{94F42233-96F8-4DEF-B434-5E6CCF63E99B} = {7B047CA9-973E-4C16-8985-2708C61E8C7D}
		{D43493EB-1A19-4929-B890-8C0F9D0D76A8} = {7B047CA9-973E-4C16-8985-2708C61E8C7D}
		{B31D15EC-6444-4022-B723-EF0DEEEBF706} = {7B047CA9-973E-4C16-8985-2708C61E8C7D}
		{F6099192-2078-4FA9-B54D-7B809B64FE28} = {7B047CA9-973E-4C16-8985-2708C61E8C7D}
		{F181D7A3-6152-407E-BF06-222A91313BFA} = {7B047CA9-973E-4C16-8985-2708C61E8C7D}
		{BD481391-C5DC-4AD7-975A-079F208131D7} = {7B047CA9-973E-4C16-8985-2708C61E8C7D}
		{7FEB6A6A-E98B-4A77-BE5F-C13E1A8184A4} = {7B047CA9-973E-4C16-8985-2708C61E8C7D}
		{735BCF1A-6D65-48A8-A14D-1608AC6F756A} = {7B047CA9-973E-4C16-8985-2708C61E8C7D}
		{564424C1-A38E-49EE-861A-FE38E4EED502} = {7B047CA9-973E-4C16-8985-2708C61E8C7D}
		{150E09C1-6B29-4FA5-BE92-62FE04639B74} = {7B047CA9-973E-4C16-8985-2708C61E8C7D}
		{E7EBE7FC-7AE1-4816-9DCF-F28765CC4BBD} = {7B047CA9-973E-4C16-8985-2708C61E8C7D}
		{D07B33B0-75F1-4E88-BD3D-89059AA9238F} = {7B047CA9-973E-4C16-8985-2708C61E8C7D}
		{850CD87D-2FDD-44B0-A5E7-4A1E56A93978} = {7B047CA9-973E-4C16-8985-2708C61E8C7D}
		{F795C55B-ABB9-4BE0-927E-3497093E003E} = {7B047CA9-973E-4C16-8985-2708C61E8C7D}
		{B157808E-9DE4-460C-A0B1-97279EF19072} = {7B047CA9-973E-4C16-8985-2708C61E8C7D}
	EndGlobalSection
	GlobalSection(ExtensibilityGlobals) = postSolution
		SolutionGuid = {614B2A5B-ACA8-4878-A1D1-D7B09FFB81E8}
	EndGlobalSection
EndGlobal
